
Microsoft Visual Studio Solution File, Format Version 12.00
# Visual Studio Version 17
VisualStudioVersion = 17.10.35027.167
MinimumVisualStudioVersion = 10.0.40219.1
Project("{FAE04EC0-301F-11D3-BF4B-00C04F79EFBC}") = "BlazorAppTask1", "BlazorAppTask1\BlazorAppTask1.csproj", "{50D056E6-9858-4CA1-BE00-C5008B0EEDCB}"
EndProject
Global
	GlobalSection(SolutionConfigurationPlatforms) = preSolution
		Debug|Any CPU = Debug|Any CPU
		Release|Any CPU = Release|Any CPU
	EndGlobalSection
	GlobalSection(ProjectConfigurationPlatforms) = postSolution
		{50D056E6-9858-4CA1-BE00-C5008B0EEDCB}.Debug|Any CPU.ActiveCfg = Debug|Any CPU
		{50D056E6-9858-4CA1-BE00-C5008B0EEDCB}.Debug|Any CPU.Build.0 = Debug|Any CPU
		{50D056E6-9858-4CA1-BE00-C5008B0EEDCB}.Release|Any CPU.ActiveCfg = Release|Any CPU
		{50D056E6-9858-4CA1-BE00-C5008B0EEDCB}.Release|Any CPU.Build.0 = Release|Any CPU
	EndGlobalSection
	GlobalSection(SolutionProperties) = preSolution
		HideSolutionNode = FALSE
	EndGlobalSection
	GlobalSection(ExtensibilityGlobals) = postSolution
		SolutionGuid = {9B64B546-DD49-4CE2-B03F-84B7ADF17202}
	EndGlobalSection
EndGlobal
